
Microsoft Visual Studio Solution File, Format Version 12.00
# Visual Studio Version 17
VisualStudioVersion = 17.2.32519.379
MinimumVisualStudioVersion = 10.0.40219.1
Project("{2150E333-8FDC-42A3-9474-1A3956D46DE8}") = "1 - Services", "1 - Services", "{A5DF9A6E-87DC-49E9-A437-04C399572BD4}"
EndProject
Project("{2150E333-8FDC-42A3-9474-1A3956D46DE8}") = "2 - Application", "2 - Application", "{FD1B5301-2A07-47B3-8773-839429800B2F}"
EndProject
Project("{2150E333-8FDC-42A3-9474-1A3956D46DE8}") = "3 - Domain", "3 - Domain", "{0C6FAB88-2741-4295-B6B6-F397DBA958F0}"
EndProject
Project("{2150E333-8FDC-42A3-9474-1A3956D46DE8}") = "4 - Infra", "4 - Infra", "{BAC12BD1-13B1-416E-A4B8-D889C6FFACCC}"
EndProject
Project("{2150E333-8FDC-42A3-9474-1A3956D46DE8}") = "4.1 - Data", "4.1 - Data", "{0CA11832-7E0F-4038-9DB6-FF1E6D14D0DF}"
EndProject
Project("{2150E333-8FDC-42A3-9474-1A3956D46DE8}") = "4.2 - CrossCutting", "4.2 - CrossCutting", "{DF6C4BDE-F3C5-4E53-A5D5-9D27B2D3E38F}"
EndProject
Project("{9A19103F-16F7-4668-BE54-9A1E7A4F7556}") = "Play.Services.Api", "src\Play.Services.Api\Play.Services.Api.csproj", "{EA966EC3-85A6-4B57-82C1-5120E3390243}"
EndProject
Project("{9A19103F-16F7-4668-BE54-9A1E7A4F7556}") = "Play.Application", "src\Play.Application\Play.Application.csproj", "{851E7338-2397-4E8D-8199-FD1EAD109418}"
EndProject
Project("{9A19103F-16F7-4668-BE54-9A1E7A4F7556}") = "Play.Domain.Core", "src\Play.Domain.Core\Play.Domain.Core.csproj", "{9CC884B7-FA70-49E1-92A6-2B566E00FAB9}"
EndProject
Project("{9A19103F-16F7-4668-BE54-9A1E7A4F7556}") = "Play.Domain.Edi", "src\Play.Domain.Edi\Play.Domain.Edi.csproj", "{9CD19414-1A43-4038-8462-CFDC1A25F6E1}"
EndProject
Project("{9A19103F-16F7-4668-BE54-9A1E7A4F7556}") = "Play.Infra.Data", "src\Play.Infra.Data\Play.Infra.Data.csproj", "{F0DDF87D-98A4-4237-91C9-FD865ED78ABB}"
EndProject
Project("{9A19103F-16F7-4668-BE54-9A1E7A4F7556}") = "Play.Infra.Data.Edi", "src\Play.Infra.Data.Edi\Play.Infra.Data.Edi.csproj", "{EED59C95-61D0-49AB-ABC1-8FE6FE81078B}"
EndProject
Project("{9A19103F-16F7-4668-BE54-9A1E7A4F7556}") = "Play.Infra.CrossCutting.Bus", "src\Play.Infra.CrossCutting.Bus\Play.Infra.CrossCutting.Bus.csproj", "{91F0D76D-2BEA-43D2-B123-DC29F2E87792}"
EndProject
Project("{9A19103F-16F7-4668-BE54-9A1E7A4F7556}") = "Play.Infra.CrossCutting.Identity", "src\Play.Infra.CrossCutting.Identity\Play.Infra.CrossCutting.Identity.csproj", "{788030D0-561B-4136-96B4-D5ABFB5CFD07}"
EndProject
Project("{9A19103F-16F7-4668-BE54-9A1E7A4F7556}") = "Play.Infra.CrossCutting.IoC", "src\Play.Infra.CrossCutting.IoC\Play.Infra.CrossCutting.IoC.csproj", "{B3000AD2-5EAA-49A2-8FC4-10DF329B15B0}"
EndProject
Project("{9A19103F-16F7-4668-BE54-9A1E7A4F7556}") = "Play.Infra.CrossCutting.Mail", "src\Play.Infra.CrossCutting.Mail\Play.Infra.CrossCutting.Mail.csproj", "{6C1F6628-C7D2-441C-AE4E-58DCB7CA5F4F}"
EndProject
Project("{2150E333-8FDC-42A3-9474-1A3956D46DE8}") = "5 - BackgroundJobs", "5 - BackgroundJobs", "{F9361EAE-8F82-40BD-B4A6-9D2940236703}"
EndProject
Project("{9A19103F-16F7-4668-BE54-9A1E7A4F7556}") = "Play.Infra.Data.Pylon", "src\Play.Infra.Data.Pylon\Play.Infra.Data.Pylon.csproj", "{E385D4F6-620E-4DDC-9229-7DB585873FF7}"
EndProject
Project("{9A19103F-16F7-4668-BE54-9A1E7A4F7556}") = "Play.Domain.Pylon", "src\Play.Domain.Pylon\Play.Domain.Pylon.csproj", "{9F0358D6-C2B3-4258-BDA7-A1848F10C313}"
EndProject
Project("{9A19103F-16F7-4668-BE54-9A1E7A4F7556}") = "Play.Infra.CrossCutting.Hangfire", "src\Play.Infra.CrossCutting.Hangfire\Play.Infra.CrossCutting.Hangfire.csproj", "{659D2B35-2E73-4BD0-8BE2-D7C27946C4ED}"
EndProject
Project("{9A19103F-16F7-4668-BE54-9A1E7A4F7556}") = "Play.BackgroundJobs.Edi", "src\Play.BackgroundJobs.Edi\Play.BackgroundJobs.Edi.csproj", "{4245DAC2-454F-4C60-A2B4-28D458E96D72}"
EndProject
Project("{9A19103F-16F7-4668-BE54-9A1E7A4F7556}") = "Play.Application.Edi", "src\Play.Application.Edi\Play.Application.Edi.csproj", "{A80534E1-7A71-48C0-95A2-D443D1C82357}"
EndProject
Project("{9A19103F-16F7-4668-BE54-9A1E7A4F7556}") = "Play.Application.Core", "src\Play.Application.Core\Play.Application.Core.csproj", "{A86BF66E-124E-4D9C-913C-FF45CC767070}"
EndProject
Project("{9A19103F-16F7-4668-BE54-9A1E7A4F7556}") = "Play.Application.Pylon", "src\Play.Application.Pylon\Play.Application.Pylon.csproj", "{241D3A92-2DC6-4407-9EA4-D5B33C3B933B}"
EndProject
Project("{9A19103F-16F7-4668-BE54-9A1E7A4F7556}") = "Play.BackgroundJobs.Pylon", "src\Play.BackgroundJobs.Pylon\Play.BackgroundJobs.Pylon.csproj", "{09D083E1-14C9-4502-B092-50A623B443DF}"
EndProject
Project("{9A19103F-16F7-4668-BE54-9A1E7A4F7556}") = "Play.Domain.Contact", "src\Play.Domain.Contact\Play.Domain.Contact.csproj", "{BE8F6FF8-29F0-45FA-8A79-683AB068D7B8}"
EndProject
Project("{9A19103F-16F7-4668-BE54-9A1E7A4F7556}") = "Play.Application.Contact", "src\Play.Application.Contact\Play.Application.Contact.csproj", "{B081968A-8E54-4320-99A7-D84B17DA9122}"
EndProject
Project("{2150E333-8FDC-42A3-9474-1A3956D46DE8}") = "6 - Testing", "6 - Testing", "{7A5C0B83-CCA4-4C95-99F9-E7B3976185CE}"
EndProject
Project("{2150E333-8FDC-42A3-9474-1A3956D46DE8}") = "6.1 - Testing.Setup", "6.1 - Testing.Setup", "{33F76EA2-DD1C-4A26-ACFA-D736AC76A745}"
EndProject
Project("{9A19103F-16F7-4668-BE54-9A1E7A4F7556}") = "Play.Testing.Setup.Ioc", "tests\Play.Testing.Setup.Ioc\Play.Testing.Setup.Ioc.csproj", "{65F32DC9-7CDF-46F8-BF1D-288FE793534F}"
EndProject
Project("{9A19103F-16F7-4668-BE54-9A1E7A4F7556}") = "Play.Testing.Setup.Runner", "tests\Play.Testing.Setup.Runner\Play.Testing.Setup.Runner.csproj", "{713D6944-0EC1-4C05-AA4C-C44A4321C802}"
EndProject
Project("{2150E333-8FDC-42A3-9474-1A3956D46DE8}") = "6.2 - Testing.Repositories", "6.2 - Testing.Repositories", "{B55F4604-A0DB-4073-8962-4829D2B7A518}"
EndProject
Project("{9A19103F-16F7-4668-BE54-9A1E7A4F7556}") = "Play.Testing.Repositories.Edi", "tests\Play.Testing.Repositories.Edi\Play.Testing.Repositories.Edi.csproj", "{27FA1DD7-C711-46DA-B056-81DD3E508220}"
EndProject
Project("{9A19103F-16F7-4668-BE54-9A1E7A4F7556}") = "Play.Application.20i", "src\Play.Application.20i\Play.Application.20i.csproj", "{DBCD4096-79AE-45D8-B1B3-D536EDBE4ECF}"
EndProject
Project("{FAE04EC0-301F-11D3-BF4B-00C04F79EFBC}") = "Play.Testing.Repositories.Core", "tests\Play.Testing.Repositories.Core\Play.Testing.Repositories.Core.csproj", "{E3C6939F-C33C-4322-AF2B-CDECE9AE0F92}"
EndProject
Project("{FAE04EC0-301F-11D3-BF4B-00C04F79EFBC}") = "Play.Testing.Setup.Bus", "tests\Play.Testing.Setup.Bus\Play.Testing.Setup.Bus.csproj", "{A0774E95-277C-40ED-A502-7503268EBD02}"
EndProject
Project("{FAE04EC0-301F-11D3-BF4B-00C04F79EFBC}") = "Play.Domain.Kuma", "src\Play.Domain.Kuma\Play.Domain.Kuma.csproj", "{648D6A51-3E3D-46ED-A468-BCF1B181C25E}"
EndProject
Project("{FAE04EC0-301F-11D3-BF4B-00C04F79EFBC}") = "Play.Infra.Data.Kuma", "src\Play.Infra.Data.Kuma\Play.Infra.Data.Kuma.csproj", "{563D0D68-4E38-4059-A28D-22862E63513C}"
EndProject
Project("{FAE04EC0-301F-11D3-BF4B-00C04F79EFBC}") = "Play.Application.Kuma", "src\Play.Application.Kuma\Play.Application.Kuma.csproj", "{D2E4ED38-D6D5-4670-B53B-55FEA14802B3}"
EndProject
Project("{FAE04EC0-301F-11D3-BF4B-00C04F79EFBC}") = "Play.Infra.CrossCutting.Whmcs", "src\Play.Infra.CrossCutting.Whmcs\Play.Infra.CrossCutting.Whmcs.csproj", "{16A286BB-B528-4E2A-A730-1374B79C87C5}"
EndProject
Project("{FAE04EC0-301F-11D3-BF4B-00C04F79EFBC}") = "Play.Application.Whmcs", "src\Play.Application.Whmcs\Play.Application.Whmcs.csproj", "{6DDD4CDB-2D8B-4112-9235-2B61D524465E}"
EndProject
Project("{FAE04EC0-301F-11D3-BF4B-00C04F79EFBC}") = "Play.Domain.Whmcs", "src\Play.Domain.Whmcs\Play.Domain.Whmcs.csproj", "{6510A019-5D2C-4D60-83BC-3AF3634B3C8A}"
EndProject
Project("{FAE04EC0-301F-11D3-BF4B-00C04F79EFBC}") = "Play.Domain.20i", "src\Play.Domain.20i\Play.Domain.20i.csproj", "{034FB18F-1EF6-4669-B58D-51DC6E8280F2}"
EndProject
Project("{FAE04EC0-301F-11D3-BF4B-00C04F79EFBC}") = "Play.Infra.CrossCutting.Epp", "src\Play.Infra.CrossCutting.Epp\Play.Infra.CrossCutting.Epp.csproj", "{FFF9E1BD-57EC-40F9-9E9C-A7DDBDF7B306}"
EndProject
Project("{FAE04EC0-301F-11D3-BF4B-00C04F79EFBC}") = "Play.Application.Epp", "src\Play.Application.Epp\Play.Application.Epp.csproj", "{F87B1624-7BC2-4B07-AD0E-A53A5BE86F1A}"
EndProject
Project("{FAE04EC0-301F-11D3-BF4B-00C04F79EFBC}") = "Play.Infra.CrossCutting.Mbam", "src\Play.Infra.CrossCutting.Mbam\Play.Infra.CrossCutting.Mbam.csproj", "{B1BAB1E7-6493-4906-BE50-83BAD9439FF3}"
EndProject
Project("{FAE04EC0-301F-11D3-BF4B-00C04F79EFBC}") = "Play.Application.Malwarebytes", "src\Play.Application.Malwarebytes\Play.Application.Malwarebytes.csproj", "{A7B4A0B4-756B-4507-A4B6-DDD75A1AB7D9}"
EndProject
Project("{FAE04EC0-301F-11D3-BF4B-00C04F79EFBC}") = "Play.Domain.Epp", "src\Play.Domain.Epp\Play.Domain.Epp.csproj", "{BBCC382F-8CF3-4BDD-916B-17783952BA7A}"
EndProject
Project("{FAE04EC0-301F-11D3-BF4B-00C04F79EFBC}") = "Play.Domain.Contracting", "src\Play.Domain.Contracting\Play.Domain.Contracting.csproj", "{A10331F9-E519-4AD0-A445-69F67735E46F}"
EndProject
Project("{FAE04EC0-301F-11D3-BF4B-00C04F79EFBC}") = "Play.Infra.Data.Contracting", "src\Play.Infra.Data.Contracting\Play.Infra.Data.Contracting.csproj", "{0A73D0B0-6913-441E-83AD-D572101E53FD}"
EndProject
Project("{FAE04EC0-301F-11D3-BF4B-00C04F79EFBC}") = "Play.Application.Contracting", "src\Play.Application.Contracting\Play.Application.Contracting.csproj", "{C66DEB04-2107-405B-B82D-2D5823A55B93}"
EndProject
Project("{2150E333-8FDC-42A3-9474-1A3956D46DE8}") = "6.3 - Testing.Commands", "6.3 - Testing.Commands", "{E3B5E6F1-3261-490C-A748-570005751D93}"
EndProject
Project("{FAE04EC0-301F-11D3-BF4B-00C04F79EFBC}") = "Play.Testing.Commands.Core", "tests\Play.Testing.Commands.Core\Play.Testing.Commands.Core.csproj", "{BDC24E80-BBC2-4AF1-A3D0-9CB8556CD435}"
EndProject
Project("{FAE04EC0-301F-11D3-BF4B-00C04F79EFBC}") = "Play.Testing.Commands.Edi", "tests\Play.Testing.Commands.Edi\Play.Testing.Commands.Edi.csproj", "{A76BD1C2-B194-42BA-97FA-9DF31219EBF3}"
EndProject
Project("{FAE04EC0-301F-11D3-BF4B-00C04F79EFBC}") = "Play.Testing.Repositories.Pylon", "tests\Play.Testing.Repositories.Pylon\Play.Testing.Repositories.Pylon.csproj", "{839189B5-19EC-4F28-8D1C-28349973869F}"
EndProject
Project("{FAE04EC0-301F-11D3-BF4B-00C04F79EFBC}") = "Play.BackgroundJobs.Malwarebytes", "src\Play.BackgroundJobs.Malwarebytes\Play.BackgroundJobs.Malwarebytes.csproj", "{0C75C5EA-4E63-4751-A890-BBC558C3B1D9}"
EndProject
Project("{FAE04EC0-301F-11D3-BF4B-00C04F79EFBC}") = "Play.Domain.EventSourcing", "src\Play.Domain.EventSourcing\Play.Domain.EventSourcing.csproj", "{7E56DDEA-F72F-428B-ADF5-969410FE21FC}"
EndProject
Project("{FAE04EC0-301F-11D3-BF4B-00C04F79EFBC}") = "Play.Application.EventSourcing", "src\Play.Application.EventSourcing\Play.Application.EventSourcing.csproj", "{4A0515F2-080E-4989-9D8E-526C3F7E0697}"
EndProject
Global
	GlobalSection(SolutionConfigurationPlatforms) = preSolution
		Debug|Any CPU = Debug|Any CPU
		Release|Any CPU = Release|Any CPU
	EndGlobalSection
	GlobalSection(ProjectConfigurationPlatforms) = postSolution
		{EA966EC3-85A6-4B57-82C1-5120E3390243}.Debug|Any CPU.ActiveCfg = Debug|Any CPU
		{EA966EC3-85A6-4B57-82C1-5120E3390243}.Debug|Any CPU.Build.0 = Debug|Any CPU
		{EA966EC3-85A6-4B57-82C1-5120E3390243}.Release|Any CPU.ActiveCfg = Release|Any CPU
		{EA966EC3-85A6-4B57-82C1-5120E3390243}.Release|Any CPU.Build.0 = Release|Any CPU
		{851E7338-2397-4E8D-8199-FD1EAD109418}.Debug|Any CPU.ActiveCfg = Debug|Any CPU
		{851E7338-2397-4E8D-8199-FD1EAD109418}.Debug|Any CPU.Build.0 = Debug|Any CPU
		{851E7338-2397-4E8D-8199-FD1EAD109418}.Release|Any CPU.ActiveCfg = Release|Any CPU
		{851E7338-2397-4E8D-8199-FD1EAD109418}.Release|Any CPU.Build.0 = Release|Any CPU
		{9CC884B7-FA70-49E1-92A6-2B566E00FAB9}.Debug|Any CPU.ActiveCfg = Debug|Any CPU
		{9CC884B7-FA70-49E1-92A6-2B566E00FAB9}.Debug|Any CPU.Build.0 = Debug|Any CPU
		{9CC884B7-FA70-49E1-92A6-2B566E00FAB9}.Release|Any CPU.ActiveCfg = Release|Any CPU
		{9CC884B7-FA70-49E1-92A6-2B566E00FAB9}.Release|Any CPU.Build.0 = Release|Any CPU
		{9CD19414-1A43-4038-8462-CFDC1A25F6E1}.Debug|Any CPU.ActiveCfg = Debug|Any CPU
		{9CD19414-1A43-4038-8462-CFDC1A25F6E1}.Debug|Any CPU.Build.0 = Debug|Any CPU
		{9CD19414-1A43-4038-8462-CFDC1A25F6E1}.Release|Any CPU.ActiveCfg = Release|Any CPU
		{9CD19414-1A43-4038-8462-CFDC1A25F6E1}.Release|Any CPU.Build.0 = Release|Any CPU
		{F0DDF87D-98A4-4237-91C9-FD865ED78ABB}.Debug|Any CPU.ActiveCfg = Debug|Any CPU
		{F0DDF87D-98A4-4237-91C9-FD865ED78ABB}.Debug|Any CPU.Build.0 = Debug|Any CPU
		{F0DDF87D-98A4-4237-91C9-FD865ED78ABB}.Release|Any CPU.ActiveCfg = Release|Any CPU
		{F0DDF87D-98A4-4237-91C9-FD865ED78ABB}.Release|Any CPU.Build.0 = Release|Any CPU
		{EED59C95-61D0-49AB-ABC1-8FE6FE81078B}.Debug|Any CPU.ActiveCfg = Debug|Any CPU
		{EED59C95-61D0-49AB-ABC1-8FE6FE81078B}.Debug|Any CPU.Build.0 = Debug|Any CPU
		{EED59C95-61D0-49AB-ABC1-8FE6FE81078B}.Release|Any CPU.ActiveCfg = Release|Any CPU
		{EED59C95-61D0-49AB-ABC1-8FE6FE81078B}.Release|Any CPU.Build.0 = Release|Any CPU
		{91F0D76D-2BEA-43D2-B123-DC29F2E87792}.Debug|Any CPU.ActiveCfg = Debug|Any CPU
		{91F0D76D-2BEA-43D2-B123-DC29F2E87792}.Debug|Any CPU.Build.0 = Debug|Any CPU
		{91F0D76D-2BEA-43D2-B123-DC29F2E87792}.Release|Any CPU.ActiveCfg = Release|Any CPU
		{91F0D76D-2BEA-43D2-B123-DC29F2E87792}.Release|Any CPU.Build.0 = Release|Any CPU
		{788030D0-561B-4136-96B4-D5ABFB5CFD07}.Debug|Any CPU.ActiveCfg = Debug|Any CPU
		{788030D0-561B-4136-96B4-D5ABFB5CFD07}.Debug|Any CPU.Build.0 = Debug|Any CPU
		{788030D0-561B-4136-96B4-D5ABFB5CFD07}.Release|Any CPU.ActiveCfg = Release|Any CPU
		{788030D0-561B-4136-96B4-D5ABFB5CFD07}.Release|Any CPU.Build.0 = Release|Any CPU
		{B3000AD2-5EAA-49A2-8FC4-10DF329B15B0}.Debug|Any CPU.ActiveCfg = Debug|Any CPU
		{B3000AD2-5EAA-49A2-8FC4-10DF329B15B0}.Debug|Any CPU.Build.0 = Debug|Any CPU
		{B3000AD2-5EAA-49A2-8FC4-10DF329B15B0}.Release|Any CPU.ActiveCfg = Release|Any CPU
		{B3000AD2-5EAA-49A2-8FC4-10DF329B15B0}.Release|Any CPU.Build.0 = Release|Any CPU
		{6C1F6628-C7D2-441C-AE4E-58DCB7CA5F4F}.Debug|Any CPU.ActiveCfg = Debug|Any CPU
		{6C1F6628-C7D2-441C-AE4E-58DCB7CA5F4F}.Debug|Any CPU.Build.0 = Debug|Any CPU
		{6C1F6628-C7D2-441C-AE4E-58DCB7CA5F4F}.Release|Any CPU.ActiveCfg = Release|Any CPU
		{6C1F6628-C7D2-441C-AE4E-58DCB7CA5F4F}.Release|Any CPU.Build.0 = Release|Any CPU
		{E385D4F6-620E-4DDC-9229-7DB585873FF7}.Debug|Any CPU.ActiveCfg = Debug|Any CPU
		{E385D4F6-620E-4DDC-9229-7DB585873FF7}.Debug|Any CPU.Build.0 = Debug|Any CPU
		{E385D4F6-620E-4DDC-9229-7DB585873FF7}.Release|Any CPU.ActiveCfg = Release|Any CPU
		{E385D4F6-620E-4DDC-9229-7DB585873FF7}.Release|Any CPU.Build.0 = Release|Any CPU
		{9F0358D6-C2B3-4258-BDA7-A1848F10C313}.Debug|Any CPU.ActiveCfg = Debug|Any CPU
		{9F0358D6-C2B3-4258-BDA7-A1848F10C313}.Debug|Any CPU.Build.0 = Debug|Any CPU
		{9F0358D6-C2B3-4258-BDA7-A1848F10C313}.Release|Any CPU.ActiveCfg = Release|Any CPU
		{9F0358D6-C2B3-4258-BDA7-A1848F10C313}.Release|Any CPU.Build.0 = Release|Any CPU
		{659D2B35-2E73-4BD0-8BE2-D7C27946C4ED}.Debug|Any CPU.ActiveCfg = Debug|Any CPU
		{659D2B35-2E73-4BD0-8BE2-D7C27946C4ED}.Debug|Any CPU.Build.0 = Debug|Any CPU
		{659D2B35-2E73-4BD0-8BE2-D7C27946C4ED}.Release|Any CPU.ActiveCfg = Release|Any CPU
		{659D2B35-2E73-4BD0-8BE2-D7C27946C4ED}.Release|Any CPU.Build.0 = Release|Any CPU
		{4245DAC2-454F-4C60-A2B4-28D458E96D72}.Debug|Any CPU.ActiveCfg = Debug|Any CPU
		{4245DAC2-454F-4C60-A2B4-28D458E96D72}.Debug|Any CPU.Build.0 = Debug|Any CPU
		{4245DAC2-454F-4C60-A2B4-28D458E96D72}.Release|Any CPU.ActiveCfg = Release|Any CPU
		{4245DAC2-454F-4C60-A2B4-28D458E96D72}.Release|Any CPU.Build.0 = Release|Any CPU
		{A80534E1-7A71-48C0-95A2-D443D1C82357}.Debug|Any CPU.ActiveCfg = Debug|Any CPU
		{A80534E1-7A71-48C0-95A2-D443D1C82357}.Debug|Any CPU.Build.0 = Debug|Any CPU
		{A80534E1-7A71-48C0-95A2-D443D1C82357}.Release|Any CPU.ActiveCfg = Release|Any CPU
		{A80534E1-7A71-48C0-95A2-D443D1C82357}.Release|Any CPU.Build.0 = Release|Any CPU
		{A86BF66E-124E-4D9C-913C-FF45CC767070}.Debug|Any CPU.ActiveCfg = Debug|Any CPU
		{A86BF66E-124E-4D9C-913C-FF45CC767070}.Debug|Any CPU.Build.0 = Debug|Any CPU
		{A86BF66E-124E-4D9C-913C-FF45CC767070}.Release|Any CPU.ActiveCfg = Release|Any CPU
		{A86BF66E-124E-4D9C-913C-FF45CC767070}.Release|Any CPU.Build.0 = Release|Any CPU
		{241D3A92-2DC6-4407-9EA4-D5B33C3B933B}.Debug|Any CPU.ActiveCfg = Debug|Any CPU
		{241D3A92-2DC6-4407-9EA4-D5B33C3B933B}.Debug|Any CPU.Build.0 = Debug|Any CPU
		{241D3A92-2DC6-4407-9EA4-D5B33C3B933B}.Release|Any CPU.ActiveCfg = Release|Any CPU
		{241D3A92-2DC6-4407-9EA4-D5B33C3B933B}.Release|Any CPU.Build.0 = Release|Any CPU
		{09D083E1-14C9-4502-B092-50A623B443DF}.Debug|Any CPU.ActiveCfg = Debug|Any CPU
		{09D083E1-14C9-4502-B092-50A623B443DF}.Debug|Any CPU.Build.0 = Debug|Any CPU
		{09D083E1-14C9-4502-B092-50A623B443DF}.Release|Any CPU.ActiveCfg = Release|Any CPU
		{09D083E1-14C9-4502-B092-50A623B443DF}.Release|Any CPU.Build.0 = Release|Any CPU
		{BE8F6FF8-29F0-45FA-8A79-683AB068D7B8}.Debug|Any CPU.ActiveCfg = Debug|Any CPU
		{BE8F6FF8-29F0-45FA-8A79-683AB068D7B8}.Debug|Any CPU.Build.0 = Debug|Any CPU
		{BE8F6FF8-29F0-45FA-8A79-683AB068D7B8}.Release|Any CPU.ActiveCfg = Release|Any CPU
		{BE8F6FF8-29F0-45FA-8A79-683AB068D7B8}.Release|Any CPU.Build.0 = Release|Any CPU
		{B081968A-8E54-4320-99A7-D84B17DA9122}.Debug|Any CPU.ActiveCfg = Debug|Any CPU
		{B081968A-8E54-4320-99A7-D84B17DA9122}.Debug|Any CPU.Build.0 = Debug|Any CPU
		{B081968A-8E54-4320-99A7-D84B17DA9122}.Release|Any CPU.ActiveCfg = Release|Any CPU
		{B081968A-8E54-4320-99A7-D84B17DA9122}.Release|Any CPU.Build.0 = Release|Any CPU
		{65F32DC9-7CDF-46F8-BF1D-288FE793534F}.Debug|Any CPU.ActiveCfg = Debug|Any CPU
		{65F32DC9-7CDF-46F8-BF1D-288FE793534F}.Debug|Any CPU.Build.0 = Debug|Any CPU
		{65F32DC9-7CDF-46F8-BF1D-288FE793534F}.Release|Any CPU.ActiveCfg = Release|Any CPU
		{65F32DC9-7CDF-46F8-BF1D-288FE793534F}.Release|Any CPU.Build.0 = Release|Any CPU
		{713D6944-0EC1-4C05-AA4C-C44A4321C802}.Debug|Any CPU.ActiveCfg = Debug|Any CPU
		{713D6944-0EC1-4C05-AA4C-C44A4321C802}.Debug|Any CPU.Build.0 = Debug|Any CPU
		{713D6944-0EC1-4C05-AA4C-C44A4321C802}.Release|Any CPU.ActiveCfg = Release|Any CPU
		{713D6944-0EC1-4C05-AA4C-C44A4321C802}.Release|Any CPU.Build.0 = Release|Any CPU
		{27FA1DD7-C711-46DA-B056-81DD3E508220}.Debug|Any CPU.ActiveCfg = Debug|Any CPU
		{27FA1DD7-C711-46DA-B056-81DD3E508220}.Debug|Any CPU.Build.0 = Debug|Any CPU
		{27FA1DD7-C711-46DA-B056-81DD3E508220}.Release|Any CPU.ActiveCfg = Release|Any CPU
		{27FA1DD7-C711-46DA-B056-81DD3E508220}.Release|Any CPU.Build.0 = Release|Any CPU
		{DBCD4096-79AE-45D8-B1B3-D536EDBE4ECF}.Debug|Any CPU.ActiveCfg = Debug|Any CPU
		{DBCD4096-79AE-45D8-B1B3-D536EDBE4ECF}.Debug|Any CPU.Build.0 = Debug|Any CPU
		{DBCD4096-79AE-45D8-B1B3-D536EDBE4ECF}.Release|Any CPU.ActiveCfg = Release|Any CPU
		{DBCD4096-79AE-45D8-B1B3-D536EDBE4ECF}.Release|Any CPU.Build.0 = Release|Any CPU
		{E3C6939F-C33C-4322-AF2B-CDECE9AE0F92}.Debug|Any CPU.ActiveCfg = Debug|Any CPU
		{E3C6939F-C33C-4322-AF2B-CDECE9AE0F92}.Debug|Any CPU.Build.0 = Debug|Any CPU
		{E3C6939F-C33C-4322-AF2B-CDECE9AE0F92}.Release|Any CPU.ActiveCfg = Release|Any CPU
		{E3C6939F-C33C-4322-AF2B-CDECE9AE0F92}.Release|Any CPU.Build.0 = Release|Any CPU
		{A0774E95-277C-40ED-A502-7503268EBD02}.Debug|Any CPU.ActiveCfg = Debug|Any CPU
		{A0774E95-277C-40ED-A502-7503268EBD02}.Debug|Any CPU.Build.0 = Debug|Any CPU
		{A0774E95-277C-40ED-A502-7503268EBD02}.Release|Any CPU.ActiveCfg = Release|Any CPU
		{A0774E95-277C-40ED-A502-7503268EBD02}.Release|Any CPU.Build.0 = Release|Any CPU
		{648D6A51-3E3D-46ED-A468-BCF1B181C25E}.Debug|Any CPU.ActiveCfg = Debug|Any CPU
		{648D6A51-3E3D-46ED-A468-BCF1B181C25E}.Debug|Any CPU.Build.0 = Debug|Any CPU
		{648D6A51-3E3D-46ED-A468-BCF1B181C25E}.Release|Any CPU.ActiveCfg = Release|Any CPU
		{648D6A51-3E3D-46ED-A468-BCF1B181C25E}.Release|Any CPU.Build.0 = Release|Any CPU
		{563D0D68-4E38-4059-A28D-22862E63513C}.Debug|Any CPU.ActiveCfg = Debug|Any CPU
		{563D0D68-4E38-4059-A28D-22862E63513C}.Debug|Any CPU.Build.0 = Debug|Any CPU
		{563D0D68-4E38-4059-A28D-22862E63513C}.Release|Any CPU.ActiveCfg = Release|Any CPU
		{563D0D68-4E38-4059-A28D-22862E63513C}.Release|Any CPU.Build.0 = Release|Any CPU
		{D2E4ED38-D6D5-4670-B53B-55FEA14802B3}.Debug|Any CPU.ActiveCfg = Debug|Any CPU
		{D2E4ED38-D6D5-4670-B53B-55FEA14802B3}.Debug|Any CPU.Build.0 = Debug|Any CPU
		{D2E4ED38-D6D5-4670-B53B-55FEA14802B3}.Release|Any CPU.ActiveCfg = Release|Any CPU
		{D2E4ED38-D6D5-4670-B53B-55FEA14802B3}.Release|Any CPU.Build.0 = Release|Any CPU
		{16A286BB-B528-4E2A-A730-1374B79C87C5}.Debug|Any CPU.ActiveCfg = Debug|Any CPU
		{16A286BB-B528-4E2A-A730-1374B79C87C5}.Debug|Any CPU.Build.0 = Debug|Any CPU
		{16A286BB-B528-4E2A-A730-1374B79C87C5}.Release|Any CPU.ActiveCfg = Release|Any CPU
		{16A286BB-B528-4E2A-A730-1374B79C87C5}.Release|Any CPU.Build.0 = Release|Any CPU
		{6DDD4CDB-2D8B-4112-9235-2B61D524465E}.Debug|Any CPU.ActiveCfg = Debug|Any CPU
		{6DDD4CDB-2D8B-4112-9235-2B61D524465E}.Debug|Any CPU.Build.0 = Debug|Any CPU
		{6DDD4CDB-2D8B-4112-9235-2B61D524465E}.Release|Any CPU.ActiveCfg = Release|Any CPU
		{6DDD4CDB-2D8B-4112-9235-2B61D524465E}.Release|Any CPU.Build.0 = Release|Any CPU
		{6510A019-5D2C-4D60-83BC-3AF3634B3C8A}.Debug|Any CPU.ActiveCfg = Debug|Any CPU
		{6510A019-5D2C-4D60-83BC-3AF3634B3C8A}.Debug|Any CPU.Build.0 = Debug|Any CPU
		{6510A019-5D2C-4D60-83BC-3AF3634B3C8A}.Release|Any CPU.ActiveCfg = Release|Any CPU
		{6510A019-5D2C-4D60-83BC-3AF3634B3C8A}.Release|Any CPU.Build.0 = Release|Any CPU
		{034FB18F-1EF6-4669-B58D-51DC6E8280F2}.Debug|Any CPU.ActiveCfg = Debug|Any CPU
		{034FB18F-1EF6-4669-B58D-51DC6E8280F2}.Debug|Any CPU.Build.0 = Debug|Any CPU
		{034FB18F-1EF6-4669-B58D-51DC6E8280F2}.Release|Any CPU.ActiveCfg = Release|Any CPU
		{034FB18F-1EF6-4669-B58D-51DC6E8280F2}.Release|Any CPU.Build.0 = Release|Any CPU
		{FFF9E1BD-57EC-40F9-9E9C-A7DDBDF7B306}.Debug|Any CPU.ActiveCfg = Debug|Any CPU
		{FFF9E1BD-57EC-40F9-9E9C-A7DDBDF7B306}.Debug|Any CPU.Build.0 = Debug|Any CPU
		{FFF9E1BD-57EC-40F9-9E9C-A7DDBDF7B306}.Release|Any CPU.ActiveCfg = Release|Any CPU
		{FFF9E1BD-57EC-40F9-9E9C-A7DDBDF7B306}.Release|Any CPU.Build.0 = Release|Any CPU
		{F87B1624-7BC2-4B07-AD0E-A53A5BE86F1A}.Debug|Any CPU.ActiveCfg = Debug|Any CPU
		{F87B1624-7BC2-4B07-AD0E-A53A5BE86F1A}.Debug|Any CPU.Build.0 = Debug|Any CPU
		{F87B1624-7BC2-4B07-AD0E-A53A5BE86F1A}.Release|Any CPU.ActiveCfg = Release|Any CPU
		{F87B1624-7BC2-4B07-AD0E-A53A5BE86F1A}.Release|Any CPU.Build.0 = Release|Any CPU
		{B1BAB1E7-6493-4906-BE50-83BAD9439FF3}.Debug|Any CPU.ActiveCfg = Debug|Any CPU
		{B1BAB1E7-6493-4906-BE50-83BAD9439FF3}.Debug|Any CPU.Build.0 = Debug|Any CPU
		{B1BAB1E7-6493-4906-BE50-83BAD9439FF3}.Release|Any CPU.ActiveCfg = Release|Any CPU
		{B1BAB1E7-6493-4906-BE50-83BAD9439FF3}.Release|Any CPU.Build.0 = Release|Any CPU
		{A7B4A0B4-756B-4507-A4B6-DDD75A1AB7D9}.Debug|Any CPU.ActiveCfg = Debug|Any CPU
		{A7B4A0B4-756B-4507-A4B6-DDD75A1AB7D9}.Debug|Any CPU.Build.0 = Debug|Any CPU
		{A7B4A0B4-756B-4507-A4B6-DDD75A1AB7D9}.Release|Any CPU.ActiveCfg = Release|Any CPU
		{A7B4A0B4-756B-4507-A4B6-DDD75A1AB7D9}.Release|Any CPU.Build.0 = Release|Any CPU
		{BBCC382F-8CF3-4BDD-916B-17783952BA7A}.Debug|Any CPU.ActiveCfg = Debug|Any CPU
		{BBCC382F-8CF3-4BDD-916B-17783952BA7A}.Debug|Any CPU.Build.0 = Debug|Any CPU
		{BBCC382F-8CF3-4BDD-916B-17783952BA7A}.Release|Any CPU.ActiveCfg = Release|Any CPU
		{BBCC382F-8CF3-4BDD-916B-17783952BA7A}.Release|Any CPU.Build.0 = Release|Any CPU
		{A10331F9-E519-4AD0-A445-69F67735E46F}.Debug|Any CPU.ActiveCfg = Debug|Any CPU
		{A10331F9-E519-4AD0-A445-69F67735E46F}.Debug|Any CPU.Build.0 = Debug|Any CPU
		{A10331F9-E519-4AD0-A445-69F67735E46F}.Release|Any CPU.ActiveCfg = Release|Any CPU
		{A10331F9-E519-4AD0-A445-69F67735E46F}.Release|Any CPU.Build.0 = Release|Any CPU
		{0A73D0B0-6913-441E-83AD-D572101E53FD}.Debug|Any CPU.ActiveCfg = Debug|Any CPU
		{0A73D0B0-6913-441E-83AD-D572101E53FD}.Debug|Any CPU.Build.0 = Debug|Any CPU
		{0A73D0B0-6913-441E-83AD-D572101E53FD}.Release|Any CPU.ActiveCfg = Release|Any CPU
		{0A73D0B0-6913-441E-83AD-D572101E53FD}.Release|Any CPU.Build.0 = Release|Any CPU
		{C66DEB04-2107-405B-B82D-2D5823A55B93}.Debug|Any CPU.ActiveCfg = Debug|Any CPU
		{C66DEB04-2107-405B-B82D-2D5823A55B93}.Debug|Any CPU.Build.0 = Debug|Any CPU
		{C66DEB04-2107-405B-B82D-2D5823A55B93}.Release|Any CPU.ActiveCfg = Release|Any CPU
		{C66DEB04-2107-405B-B82D-2D5823A55B93}.Release|Any CPU.Build.0 = Release|Any CPU
		{BDC24E80-BBC2-4AF1-A3D0-9CB8556CD435}.Debug|Any CPU.ActiveCfg = Debug|Any CPU
		{BDC24E80-BBC2-4AF1-A3D0-9CB8556CD435}.Debug|Any CPU.Build.0 = Debug|Any CPU
		{BDC24E80-BBC2-4AF1-A3D0-9CB8556CD435}.Release|Any CPU.ActiveCfg = Release|Any CPU
		{BDC24E80-BBC2-4AF1-A3D0-9CB8556CD435}.Release|Any CPU.Build.0 = Release|Any CPU
		{A76BD1C2-B194-42BA-97FA-9DF31219EBF3}.Debug|Any CPU.ActiveCfg = Debug|Any CPU
		{A76BD1C2-B194-42BA-97FA-9DF31219EBF3}.Debug|Any CPU.Build.0 = Debug|Any CPU
		{A76BD1C2-B194-42BA-97FA-9DF31219EBF3}.Release|Any CPU.ActiveCfg = Release|Any CPU
		{A76BD1C2-B194-42BA-97FA-9DF31219EBF3}.Release|Any CPU.Build.0 = Release|Any CPU
		{839189B5-19EC-4F28-8D1C-28349973869F}.Debug|Any CPU.ActiveCfg = Debug|Any CPU
		{839189B5-19EC-4F28-8D1C-28349973869F}.Debug|Any CPU.Build.0 = Debug|Any CPU
		{839189B5-19EC-4F28-8D1C-28349973869F}.Release|Any CPU.ActiveCfg = Release|Any CPU
		{839189B5-19EC-4F28-8D1C-28349973869F}.Release|Any CPU.Build.0 = Release|Any CPU
		{0C75C5EA-4E63-4751-A890-BBC558C3B1D9}.Debug|Any CPU.ActiveCfg = Debug|Any CPU
		{0C75C5EA-4E63-4751-A890-BBC558C3B1D9}.Debug|Any CPU.Build.0 = Debug|Any CPU
		{0C75C5EA-4E63-4751-A890-BBC558C3B1D9}.Release|Any CPU.ActiveCfg = Release|Any CPU
		{0C75C5EA-4E63-4751-A890-BBC558C3B1D9}.Release|Any CPU.Build.0 = Release|Any CPU
		{7E56DDEA-F72F-428B-ADF5-969410FE21FC}.Debug|Any CPU.ActiveCfg = Debug|Any CPU
		{7E56DDEA-F72F-428B-ADF5-969410FE21FC}.Debug|Any CPU.Build.0 = Debug|Any CPU
		{7E56DDEA-F72F-428B-ADF5-969410FE21FC}.Release|Any CPU.ActiveCfg = Release|Any CPU
		{7E56DDEA-F72F-428B-ADF5-969410FE21FC}.Release|Any CPU.Build.0 = Release|Any CPU
		{4A0515F2-080E-4989-9D8E-526C3F7E0697}.Debug|Any CPU.ActiveCfg = Debug|Any CPU
		{4A0515F2-080E-4989-9D8E-526C3F7E0697}.Debug|Any CPU.Build.0 = Debug|Any CPU
		{4A0515F2-080E-4989-9D8E-526C3F7E0697}.Release|Any CPU.ActiveCfg = Release|Any CPU
		{4A0515F2-080E-4989-9D8E-526C3F7E0697}.Release|Any CPU.Build.0 = Release|Any CPU
	EndGlobalSection
	GlobalSection(SolutionProperties) = preSolution
		HideSolutionNode = FALSE
	EndGlobalSection
	GlobalSection(NestedProjects) = preSolution
		{0CA11832-7E0F-4038-9DB6-FF1E6D14D0DF} = {BAC12BD1-13B1-416E-A4B8-D889C6FFACCC}
		{DF6C4BDE-F3C5-4E53-A5D5-9D27B2D3E38F} = {BAC12BD1-13B1-416E-A4B8-D889C6FFACCC}
		{EA966EC3-85A6-4B57-82C1-5120E3390243} = {A5DF9A6E-87DC-49E9-A437-04C399572BD4}
		{851E7338-2397-4E8D-8199-FD1EAD109418} = {FD1B5301-2A07-47B3-8773-839429800B2F}
		{9CC884B7-FA70-49E1-92A6-2B566E00FAB9} = {0C6FAB88-2741-4295-B6B6-F397DBA958F0}
		{9CD19414-1A43-4038-8462-CFDC1A25F6E1} = {0C6FAB88-2741-4295-B6B6-F397DBA958F0}
		{F0DDF87D-98A4-4237-91C9-FD865ED78ABB} = {0CA11832-7E0F-4038-9DB6-FF1E6D14D0DF}
		{EED59C95-61D0-49AB-ABC1-8FE6FE81078B} = {0CA11832-7E0F-4038-9DB6-FF1E6D14D0DF}
		{91F0D76D-2BEA-43D2-B123-DC29F2E87792} = {DF6C4BDE-F3C5-4E53-A5D5-9D27B2D3E38F}
		{788030D0-561B-4136-96B4-D5ABFB5CFD07} = {DF6C4BDE-F3C5-4E53-A5D5-9D27B2D3E38F}
		{B3000AD2-5EAA-49A2-8FC4-10DF329B15B0} = {DF6C4BDE-F3C5-4E53-A5D5-9D27B2D3E38F}
		{6C1F6628-C7D2-441C-AE4E-58DCB7CA5F4F} = {DF6C4BDE-F3C5-4E53-A5D5-9D27B2D3E38F}
		{E385D4F6-620E-4DDC-9229-7DB585873FF7} = {0CA11832-7E0F-4038-9DB6-FF1E6D14D0DF}
		{9F0358D6-C2B3-4258-BDA7-A1848F10C313} = {0C6FAB88-2741-4295-B6B6-F397DBA958F0}
		{659D2B35-2E73-4BD0-8BE2-D7C27946C4ED} = {DF6C4BDE-F3C5-4E53-A5D5-9D27B2D3E38F}
		{4245DAC2-454F-4C60-A2B4-28D458E96D72} = {F9361EAE-8F82-40BD-B4A6-9D2940236703}
		{A80534E1-7A71-48C0-95A2-D443D1C82357} = {FD1B5301-2A07-47B3-8773-839429800B2F}
		{A86BF66E-124E-4D9C-913C-FF45CC767070} = {FD1B5301-2A07-47B3-8773-839429800B2F}
		{241D3A92-2DC6-4407-9EA4-D5B33C3B933B} = {FD1B5301-2A07-47B3-8773-839429800B2F}
		{09D083E1-14C9-4502-B092-50A623B443DF} = {F9361EAE-8F82-40BD-B4A6-9D2940236703}
		{BE8F6FF8-29F0-45FA-8A79-683AB068D7B8} = {0C6FAB88-2741-4295-B6B6-F397DBA958F0}
		{B081968A-8E54-4320-99A7-D84B17DA9122} = {FD1B5301-2A07-47B3-8773-839429800B2F}
		{33F76EA2-DD1C-4A26-ACFA-D736AC76A745} = {7A5C0B83-CCA4-4C95-99F9-E7B3976185CE}
		{65F32DC9-7CDF-46F8-BF1D-288FE793534F} = {33F76EA2-DD1C-4A26-ACFA-D736AC76A745}
		{713D6944-0EC1-4C05-AA4C-C44A4321C802} = {33F76EA2-DD1C-4A26-ACFA-D736AC76A745}
		{B55F4604-A0DB-4073-8962-4829D2B7A518} = {7A5C0B83-CCA4-4C95-99F9-E7B3976185CE}
		{27FA1DD7-C711-46DA-B056-81DD3E508220} = {B55F4604-A0DB-4073-8962-4829D2B7A518}
		{DBCD4096-79AE-45D8-B1B3-D536EDBE4ECF} = {FD1B5301-2A07-47B3-8773-839429800B2F}
		{E3C6939F-C33C-4322-AF2B-CDECE9AE0F92} = {B55F4604-A0DB-4073-8962-4829D2B7A518}
		{A0774E95-277C-40ED-A502-7503268EBD02} = {33F76EA2-DD1C-4A26-ACFA-D736AC76A745}
		{648D6A51-3E3D-46ED-A468-BCF1B181C25E} = {0C6FAB88-2741-4295-B6B6-F397DBA958F0}
		{563D0D68-4E38-4059-A28D-22862E63513C} = {0CA11832-7E0F-4038-9DB6-FF1E6D14D0DF}
		{D2E4ED38-D6D5-4670-B53B-55FEA14802B3} = {FD1B5301-2A07-47B3-8773-839429800B2F}
		{16A286BB-B528-4E2A-A730-1374B79C87C5} = {DF6C4BDE-F3C5-4E53-A5D5-9D27B2D3E38F}
		{6DDD4CDB-2D8B-4112-9235-2B61D524465E} = {FD1B5301-2A07-47B3-8773-839429800B2F}
		{6510A019-5D2C-4D60-83BC-3AF3634B3C8A} = {0C6FAB88-2741-4295-B6B6-F397DBA958F0}
		{034FB18F-1EF6-4669-B58D-51DC6E8280F2} = {0C6FAB88-2741-4295-B6B6-F397DBA958F0}
		{FFF9E1BD-57EC-40F9-9E9C-A7DDBDF7B306} = {DF6C4BDE-F3C5-4E53-A5D5-9D27B2D3E38F}
		{F87B1624-7BC2-4B07-AD0E-A53A5BE86F1A} = {FD1B5301-2A07-47B3-8773-839429800B2F}
		{B1BAB1E7-6493-4906-BE50-83BAD9439FF3} = {DF6C4BDE-F3C5-4E53-A5D5-9D27B2D3E38F}
		{A7B4A0B4-756B-4507-A4B6-DDD75A1AB7D9} = {FD1B5301-2A07-47B3-8773-839429800B2F}
		{BBCC382F-8CF3-4BDD-916B-17783952BA7A} = {0C6FAB88-2741-4295-B6B6-F397DBA958F0}
		{A10331F9-E519-4AD0-A445-69F67735E46F} = {0C6FAB88-2741-4295-B6B6-F397DBA958F0}
		{0A73D0B0-6913-441E-83AD-D572101E53FD} = {0CA11832-7E0F-4038-9DB6-FF1E6D14D0DF}
		{C66DEB04-2107-405B-B82D-2D5823A55B93} = {FD1B5301-2A07-47B3-8773-839429800B2F}
		{E3B5E6F1-3261-490C-A748-570005751D93} = {7A5C0B83-CCA4-4C95-99F9-E7B3976185CE}
		{BDC24E80-BBC2-4AF1-A3D0-9CB8556CD435} = {E3B5E6F1-3261-490C-A748-570005751D93}
		{A76BD1C2-B194-42BA-97FA-9DF31219EBF3} = {E3B5E6F1-3261-490C-A748-570005751D93}
		{839189B5-19EC-4F28-8D1C-28349973869F} = {B55F4604-A0DB-4073-8962-4829D2B7A518}
		{0C75C5EA-4E63-4751-A890-BBC558C3B1D9} = {F9361EAE-8F82-40BD-B4A6-9D2940236703}
		{7E56DDEA-F72F-428B-ADF5-969410FE21FC} = {0C6FAB88-2741-4295-B6B6-F397DBA958F0}
	EndGlobalSection
	GlobalSection(ExtensibilityGlobals) = postSolution
		SolutionGuid = {4050E145-6791-440A-A2E5-75B05ACD4AFE}
	EndGlobalSection
EndGlobal
